# This file is automatically @generated by Poetry 2.2.1 and should not be changed by hand.

[[package]]
name = "pyserial"
version = "3.5"
description = "Python Serial Port Extension"
optional = false
python-versions = "*"
groups = ["main"]
files = [
    {file = "pyserial-3.5-py2.py3-none-any.whl", hash = "sha256:c4451db6ba391ca6ca299fb3ec7bae67a5c55dde170964c7a14ceefec02f2cf0"},
    {file = "pyserial-3.5.tar.gz", hash = "sha256:3c77e014170dfffbd816e6ffc205e9842efb10be9f58ec16d3e8675b4925cddb"},
]

[package.extras]
cp2110 = ["hidapi"]

[[package]]
name = "qnapcontrol"
version = "0.1.0"
description = "Control LCDs on QNAP devices"
optional = false
python-versions = ">=3.11,<4.0"
groups = ["main"]
files = []
develop = false

[package.dependencies]
pyserial = ">=3.5,<4.0"

[package.source]
type = "git"
url = "https://github.com/Wilaz/QNAPControl.git"
reference = "HEAD"
resolved_reference = "e9d02d420487500f4a608d1dbad006149d806bdd"

[metadata]
lock-version = "2.1"
python-versions = ">=3.11,<4.0"
content-hash = "4cfeccba49532ec81be49275f6cf34eb07cae01de2561f397728c7fc0757ac28"
